Microsoft Visual Studio Solution File, Format Version 12.00
# Visual Studio Version 17
VisualStudioVersion = 17.0.31612.314
MinimumVisualStudioVersion = 10.0.40219.1
Project("{2150E333-8FDC-42A3-9474-1A3956D46DE8}") = "tests", "tests", "{E63DB355-B283-460C-87E9-68A8E831ADCE}"
EndProject
Project("{9A19103F-16F7-4668-BE54-9A1E7A4F7556}") = "Infrastructure.Test", "tests\Infrastructure.Test\Infrastructure.Test.csproj", "{56278085-6921-4F93-A64B-DE6BEBFB6F24}"
EndProject
Project("{9A19103F-16F7-4668-BE54-9A1E7A4F7556}") = "Application", "src\Core\Application\Application.csproj", "{8A5452A7-3708-438A-A0AB-28E207353DE8}"
EndProject
Project("{9A19103F-16F7-4668-BE54-9A1E7A4F7556}") = "Domain", "src\Core\Domain\Domain.csproj", "{B26D22A0-CBB4-4C8F-94E9-96D4EBD83CC8}"
EndProject
Project("{9A19103F-16F7-4668-BE54-9A1E7A4F7556}") = "Shared", "src\Core\Shared\Shared.csproj", "{5B0BA012-5F7A-483A-905F-C8C95B3FAD84}"
EndProject
Project("{9A19103F-16F7-4668-BE54-9A1E7A4F7556}") = "Host", "src\Host\Host.csproj", "{660789B1-37BF-496D-B420-269D8C1CC360}"
EndProject
Project("{9A19103F-16F7-4668-BE54-9A1E7A4F7556}") = "Infrastructure", "src\Infrastructure\Infrastructure.csproj", "{24B30866-AAE5-45B2-A82D-1776F40847D8}"
EndProject
Project("{9A19103F-16F7-4668-BE54-9A1E7A4F7556}") = "Migrators.PostgreSQL", "src\Migrators\Migrators.PostgreSQL\Migrators.PostgreSQL.csproj", "{DD902693-8DCA-4BDD-910C-2F4E3C7D9B6A}"
EndProject
Global
	GlobalSection(SolutionConfigurationPlatforms) = preSolution
		Debug|Any CPU = Debug|Any CPU
		Release|Any CPU = Release|Any CPU
	EndGlobalSection
	GlobalSection(ProjectConfigurationPlatforms) = postSolution
		{56278085-6921-4F93-A64B-DE6BEBFB6F24}.Debug|Any CPU.ActiveCfg = Debug|Any CPU
		{56278085-6921-4F93-A64B-DE6BEBFB6F24}.Debug|Any CPU.Build.0 = Debug|Any CPU
		{56278085-6921-4F93-A64B-DE6BEBFB6F24}.Release|Any CPU.ActiveCfg = Release|Any CPU
		{56278085-6921-4F93-A64B-DE6BEBFB6F24}.Release|Any CPU.Build.0 = Release|Any CPU
		{8A5452A7-3708-438A-A0AB-28E207353DE8}.Debug|Any CPU.ActiveCfg = Debug|Any CPU
		{8A5452A7-3708-438A-A0AB-28E207353DE8}.Debug|Any CPU.Build.0 = Debug|Any CPU
		{8A5452A7-3708-438A-A0AB-28E207353DE8}.Release|Any CPU.ActiveCfg = Release|Any CPU
		{8A5452A7-3708-438A-A0AB-28E207353DE8}.Release|Any CPU.Build.0 = Release|Any CPU
		{B26D22A0-CBB4-4C8F-94E9-96D4EBD83CC8}.Debug|Any CPU.ActiveCfg = Debug|Any CPU
		{B26D22A0-CBB4-4C8F-94E9-96D4EBD83CC8}.Debug|Any CPU.Build.0 = Debug|Any CPU
		{B26D22A0-CBB4-4C8F-94E9-96D4EBD83CC8}.Release|Any CPU.ActiveCfg = Release|Any CPU
		{B26D22A0-CBB4-4C8F-94E9-96D4EBD83CC8}.Release|Any CPU.Build.0 = Release|Any CPU
		{5B0BA012-5F7A-483A-905F-C8C95B3FAD84}.Debug|Any CPU.ActiveCfg = Debug|Any CPU
		{5B0BA012-5F7A-483A-905F-C8C95B3FAD84}.Debug|Any CPU.Build.0 = Debug|Any CPU
		{5B0BA012-5F7A-483A-905F-C8C95B3FAD84}.Release|Any CPU.ActiveCfg = Release|Any CPU
		{5B0BA012-5F7A-483A-905F-C8C95B3FAD84}.Release|Any CPU.Build.0 = Release|Any CPU
		{660789B1-37BF-496D-B420-269D8C1CC360}.Debug|Any CPU.ActiveCfg = Debug|Any CPU
		{660789B1-37BF-496D-B420-269D8C1CC360}.Debug|Any CPU.Build.0 = Debug|Any CPU
		{660789B1-37BF-496D-B420-269D8C1CC360}.Release|Any CPU.ActiveCfg = Release|Any CPU
		{660789B1-37BF-496D-B420-269D8C1CC360}.Release|Any CPU.Build.0 = Release|Any CPU
		{24B30866-AAE5-45B2-A82D-1776F40847D8}.Debug|Any CPU.ActiveCfg = Debug|Any CPU
		{24B30866-AAE5-45B2-A82D-1776F40847D8}.Debug|Any CPU.Build.0 = Debug|Any CPU
		{24B30866-AAE5-45B2-A82D-1776F40847D8}.Release|Any CPU.ActiveCfg = Release|Any CPU
		{24B30866-AAE5-45B2-A82D-1776F40847D8}.Release|Any CPU.Build.0 = Release|Any CPU
		{DD902693-8DCA-4BDD-910C-2F4E3C7D9B6A}.Debug|Any CPU.ActiveCfg = Debug|Any CPU
		{DD902693-8DCA-4BDD-910C-2F4E3C7D9B6A}.Debug|Any CPU.Build.0 = Debug|Any CPU
		{DD902693-8DCA-4BDD-910C-2F4E3C7D9B6A}.Release|Any CPU.ActiveCfg = Release|Any CPU
		{DD902693-8DCA-4BDD-910C-2F4E3C7D9B6A}.Release|Any CPU.Build.0 = Release|Any CPU
	EndGlobalSection
	GlobalSection(SolutionProperties) = preSolution
		HideSolutionNode = FALSE
	EndGlobalSection
	GlobalSection(NestedProjects) = preSolution
		{56278085-6921-4F93-A64B-DE6BEBFB6F24} = {E63DB355-B283-460C-87E9-68A8E831ADCE}
	EndGlobalSection
	GlobalSection(ExtensibilityGlobals) = postSolution
		SolutionGuid = {D0D80036-558A-4A3A-A0BE-00CED864A4DD}
	EndGlobalSection
EndGlobal
